
Microsoft Visual Studio Solution File, Format Version 12.00
# Visual Studio Version 16
VisualStudioVersion = 16.0.29613.14
MinimumVisualStudioVersion = 10.0.40219.1
Project("{FAE04EC0-301F-11D3-BF4B-00C04F79EFBC}") = "MIIOT", "MIIOT\MIIOT.csproj", "{520EA099-55F4-4EE4-9D81-4736AD5524D3}"
EndProject
Project("{FAE04EC0-301F-11D3-BF4B-00C04F79EFBC}") = "MIIOT.Model", "MIIOT.Model\MIIOT.Model.csproj", "{27FD6730-3E5C-4CA3-8A10-F0CF8A786B85}"
EndProject
Project("{FAE04EC0-301F-11D3-BF4B-00C04F79EFBC}") = "MIIOT.Drivers", "MIIOT.Drivers\MIIOT.Drivers.csproj", "{C5CDC576-89B0-4220-85B8-A82A5B6347F5}"
EndProject
Project("{FAE04EC0-301F-11D3-BF4B-00C04F79EFBC}") = "UnitTestProject1", "UnitTestProject1\UnitTestProject1.csproj", "{7E53785C-B3E2-4FBE-90AA-204E8A50DFA2}"
EndProject
Project("{FAE04EC0-301F-11D3-BF4B-00C04F79EFBC}") = "MIIOT.Utility", "MIIOT.Utility\MIIOT.Utility.csproj", "{35555969-CFF6-44EF-95FF-85FAAF2F9EE2}"
EndProject
Project("{FAE04EC0-301F-11D3-BF4B-00C04F79EFBC}") = "MIIOT.Trical", "MIIOT.Trical\MIIOT.Trical.csproj", "{6BD671C0-A343-4A64-B807-A64A331A16EA}"
EndProject
Project("{FAE04EC0-301F-11D3-BF4B-00C04F79EFBC}") = "MIIOT.Controls", "MIIOT.Controls\MIIOT.Controls.csproj", "{B3E6E371-9DB6-44B5-B7EA-C4BA59789082}"
EndProject
Project("{FAE04EC0-301F-11D3-BF4B-00C04F79EFBC}") = "MIIOT.Guarder", "MIIOT.Guarder\MIIOT.Guarder.csproj", "{7C06F829-5ED4-40E5-A291-788FC03FB054}"
EndProject
Project("{FAE04EC0-301F-11D3-BF4B-00C04F79EFBC}") = "LogManager", "LogManager\LogManager.csproj", "{E851ADAC-1379-4417-A38E-39A6FF139979}"
EndProject
Project("{FAE04EC0-301F-11D3-BF4B-00C04F79EFBC}") = "MIIOT.ORCart", "MIIOT.ORCart\MIIOT.ORCart.csproj", "{C2111210-B165-443F-841F-846178CE20C5}"
EndProject
Project("{FAE04EC0-301F-11D3-BF4B-00C04F79EFBC}") = "MIIOTElectronAPI", "MIIOTElectronAPI\MIIOTElectronAPI.csproj", "{8C9937EE-C6DD-49B0-A5B5-4BD22372A705}"
EndProject
Project("{54435603-DBB4-11D2-8724-00A0C9A8B90C}") = "CMITSetup", "CMITSetup\CMITSetup.vdproj", "{2667620A-3218-4D96-BED0-AF1B791A7BC4}"
EndProject
Project("{FAE04EC0-301F-11D3-BF4B-00C04F79EFBC}") = "MIIOT.DiagManager", "MIIOT.DiagManager\MIIOT.DiagManager.csproj", "{3687F47A-132A-410D-9873-5FAB4A9792B2}"
EndProject
Project("{FAE04EC0-301F-11D3-BF4B-00C04F79EFBC}") = "MIIOT.UI", "MIIOT.UI\MIIOT.UI.csproj", "{0C26D415-C67D-4BB2-A55E-9E7FAD6B9A7E}"
EndProject
Project("{FAE04EC0-301F-11D3-BF4B-00C04F79EFBC}") = "MIIOT.DiagManager.Core", "MIIOT.DiagManager.Core\MIIOT.DiagManager.Core.csproj", "{D6DB3E5A-FC38-4907-BFB0-B21BE8F85D42}"
EndProject
Project("{9A19103F-16F7-4668-BE54-9A1E7A4F7556}") = "MIIOT.DiagManager.Model", "MIIOT.DiagManager.Model\MIIOT.DiagManager.Model.csproj", "{3E53F13D-FBC7-4185-B4C0-3C5EF8AC2A7D}"
EndProject
Project("{FAE04EC0-301F-11D3-BF4B-00C04F79EFBC}") = "MIIOT.Data", "MIIOT.Data\MIIOT.Data.csproj", "{E01B3FEB-7ED2-47CB-8594-BCE18D843AFE}"
EndProject
Project("{FAE04EC0-301F-11D3-BF4B-00C04F79EFBC}") = "MIIOT.Data.Service", "MIIOT.Data.Service\MIIOT.Data.Service.csproj", "{C967CD7E-180F-453D-A9FF-9DD68C889A84}"
EndProject
Project("{FAE04EC0-301F-11D3-BF4B-00C04F79EFBC}") = "MIIOT.Comm", "MIIOT.Comm\MIIOT.Comm.csproj", "{711E5221-E902-4852-BAC3-4F1A1B03D82E}"
EndProject
Global
	GlobalSection(SolutionConfigurationPlatforms) = preSolution
		Debug|Any CPU = Debug|Any CPU
		Debug|ARM = Debug|ARM
		Debug|ARM64 = Debug|ARM64
		Debug|x64 = Debug|x64
		Debug|x86 = Debug|x86
		Release|Any CPU = Release|Any CPU
		Release|ARM = Release|ARM
		Release|ARM64 = Release|ARM64
		Release|x64 = Release|x64
		Release|x86 = Release|x86
	EndGlobalSection
	GlobalSection(ProjectConfigurationPlatforms) = postSolution
		{520EA099-55F4-4EE4-9D81-4736AD5524D3}.Debug|Any CPU.ActiveCfg = Debug|Any CPU
		{520EA099-55F4-4EE4-9D81-4736AD5524D3}.Debug|Any CPU.Build.0 = Debug|Any CPU
		{520EA099-55F4-4EE4-9D81-4736AD5524D3}.Debug|ARM.ActiveCfg = Debug|Any CPU
		{520EA099-55F4-4EE4-9D81-4736AD5524D3}.Debug|ARM.Build.0 = Debug|Any CPU
		{520EA099-55F4-4EE4-9D81-4736AD5524D3}.Debug|ARM64.ActiveCfg = Debug|Any CPU
		{520EA099-55F4-4EE4-9D81-4736AD5524D3}.Debug|ARM64.Build.0 = Debug|Any CPU
		{520EA099-55F4-4EE4-9D81-4736AD5524D3}.Debug|x64.ActiveCfg = Debug|Any CPU
		{520EA099-55F4-4EE4-9D81-4736AD5524D3}.Debug|x64.Build.0 = Debug|Any CPU
		{520EA099-55F4-4EE4-9D81-4736AD5524D3}.Debug|x86.ActiveCfg = Debug|x86
		{520EA099-55F4-4EE4-9D81-4736AD5524D3}.Debug|x86.Build.0 = Debug|x86
		{520EA099-55F4-4EE4-9D81-4736AD5524D3}.Release|Any CPU.ActiveCfg = Release|Any CPU
		{520EA099-55F4-4EE4-9D81-4736AD5524D3}.Release|Any CPU.Build.0 = Release|Any CPU
		{520EA099-55F4-4EE4-9D81-4736AD5524D3}.Release|ARM.ActiveCfg = Release|Any CPU
		{520EA099-55F4-4EE4-9D81-4736AD5524D3}.Release|ARM.Build.0 = Release|Any CPU
		{520EA099-55F4-4EE4-9D81-4736AD5524D3}.Release|ARM64.ActiveCfg = Release|Any CPU
		{520EA099-55F4-4EE4-9D81-4736AD5524D3}.Release|ARM64.Build.0 = Release|Any CPU
		{520EA099-55F4-4EE4-9D81-4736AD5524D3}.Release|x64.ActiveCfg = Release|Any CPU
		{520EA099-55F4-4EE4-9D81-4736AD5524D3}.Release|x64.Build.0 = Release|Any CPU
		{520EA099-55F4-4EE4-9D81-4736AD5524D3}.Release|x86.ActiveCfg = Release|x86
		{520EA099-55F4-4EE4-9D81-4736AD5524D3}.Release|x86.Build.0 = Release|x86
		{27FD6730-3E5C-4CA3-8A10-F0CF8A786B85}.Debug|Any CPU.ActiveCfg = Debug|Any CPU
		{27FD6730-3E5C-4CA3-8A10-F0CF8A786B85}.Debug|Any CPU.Build.0 = Debug|Any CPU
		{27FD6730-3E5C-4CA3-8A10-F0CF8A786B85}.Debug|ARM.ActiveCfg = Debug|Any CPU
		{27FD6730-3E5C-4CA3-8A10-F0CF8A786B85}.Debug|ARM.Build.0 = Debug|Any CPU
		{27FD6730-3E5C-4CA3-8A10-F0CF8A786B85}.Debug|ARM64.ActiveCfg = Debug|Any CPU
		{27FD6730-3E5C-4CA3-8A10-F0CF8A786B85}.Debug|ARM64.Build.0 = Debug|Any CPU
		{27FD6730-3E5C-4CA3-8A10-F0CF8A786B85}.Debug|x64.ActiveCfg = Debug|Any CPU
		{27FD6730-3E5C-4CA3-8A10-F0CF8A786B85}.Debug|x64.Build.0 = Debug|Any CPU
		{27FD6730-3E5C-4CA3-8A10-F0CF8A786B85}.Debug|x86.ActiveCfg = Debug|x86
		{27FD6730-3E5C-4CA3-8A10-F0CF8A786B85}.Debug|x86.Build.0 = Debug|x86
		{27FD6730-3E5C-4CA3-8A10-F0CF8A786B85}.Release|Any CPU.ActiveCfg = Release|Any CPU
		{27FD6730-3E5C-4CA3-8A10-F0CF8A786B85}.Release|Any CPU.Build.0 = Release|Any CPU
		{27FD6730-3E5C-4CA3-8A10-F0CF8A786B85}.Release|ARM.ActiveCfg = Release|Any CPU
		{27FD6730-3E5C-4CA3-8A10-F0CF8A786B85}.Release|ARM.Build.0 = Release|Any CPU
		{27FD6730-3E5C-4CA3-8A10-F0CF8A786B85}.Release|ARM64.ActiveCfg = Release|Any CPU
		{27FD6730-3E5C-4CA3-8A10-F0CF8A786B85}.Release|ARM64.Build.0 = Release|Any CPU
		{27FD6730-3E5C-4CA3-8A10-F0CF8A786B85}.Release|x64.ActiveCfg = Release|Any CPU
		{27FD6730-3E5C-4CA3-8A10-F0CF8A786B85}.Release|x64.Build.0 = Release|Any CPU
		{27FD6730-3E5C-4CA3-8A10-F0CF8A786B85}.Release|x86.ActiveCfg = Release|x86
		{27FD6730-3E5C-4CA3-8A10-F0CF8A786B85}.Release|x86.Build.0 = Release|x86
		{C5CDC576-89B0-4220-85B8-A82A5B6347F5}.Debug|Any CPU.ActiveCfg = Debug|Any CPU
		{C5CDC576-89B0-4220-85B8-A82A5B6347F5}.Debug|Any CPU.Build.0 = Debug|Any CPU
		{C5CDC576-89B0-4220-85B8-A82A5B6347F5}.Debug|ARM.ActiveCfg = Debug|Any CPU
		{C5CDC576-89B0-4220-85B8-A82A5B6347F5}.Debug|ARM.Build.0 = Debug|Any CPU
		{C5CDC576-89B0-4220-85B8-A82A5B6347F5}.Debug|ARM64.ActiveCfg = Debug|Any CPU
		{C5CDC576-89B0-4220-85B8-A82A5B6347F5}.Debug|ARM64.Build.0 = Debug|Any CPU
		{C5CDC576-89B0-4220-85B8-A82A5B6347F5}.Debug|x64.ActiveCfg = Debug|Any CPU
		{C5CDC576-89B0-4220-85B8-A82A5B6347F5}.Debug|x64.Build.0 = Debug|Any CPU
		{C5CDC576-89B0-4220-85B8-A82A5B6347F5}.Debug|x86.ActiveCfg = Debug|x86
		{C5CDC576-89B0-4220-85B8-A82A5B6347F5}.Debug|x86.Build.0 = Debug|x86
		{C5CDC576-89B0-4220-85B8-A82A5B6347F5}.Release|Any CPU.ActiveCfg = Release|Any CPU
		{C5CDC576-89B0-4220-85B8-A82A5B6347F5}.Release|Any CPU.Build.0 = Release|Any CPU
		{C5CDC576-89B0-4220-85B8-A82A5B6347F5}.Release|ARM.ActiveCfg = Release|Any CPU
		{C5CDC576-89B0-4220-85B8-A82A5B6347F5}.Release|ARM.Build.0 = Release|Any CPU
		{C5CDC576-89B0-4220-85B8-A82A5B6347F5}.Release|ARM64.ActiveCfg = Release|Any CPU
		{C5CDC576-89B0-4220-85B8-A82A5B6347F5}.Release|ARM64.Build.0 = Release|Any CPU
		{C5CDC576-89B0-4220-85B8-A82A5B6347F5}.Release|x64.ActiveCfg = Release|Any CPU
		{C5CDC576-89B0-4220-85B8-A82A5B6347F5}.Release|x64.Build.0 = Release|Any CPU
		{C5CDC576-89B0-4220-85B8-A82A5B6347F5}.Release|x86.ActiveCfg = Release|x86
		{C5CDC576-89B0-4220-85B8-A82A5B6347F5}.Release|x86.Build.0 = Release|x86
		{7E53785C-B3E2-4FBE-90AA-204E8A50DFA2}.Debug|Any CPU.ActiveCfg = Debug|Any CPU
		{7E53785C-B3E2-4FBE-90AA-204E8A50DFA2}.Debug|Any CPU.Build.0 = Debug|Any CPU
		{7E53785C-B3E2-4FBE-90AA-204E8A50DFA2}.Debug|ARM.ActiveCfg = Debug|Any CPU
		{7E53785C-B3E2-4FBE-90AA-204E8A50DFA2}.Debug|ARM.Build.0 = Debug|Any CPU
		{7E53785C-B3E2-4FBE-90AA-204E8A50DFA2}.Debug|ARM64.ActiveCfg = Debug|Any CPU
		{7E53785C-B3E2-4FBE-90AA-204E8A50DFA2}.Debug|ARM64.Build.0 = Debug|Any CPU
		{7E53785C-B3E2-4FBE-90AA-204E8A50DFA2}.Debug|x64.ActiveCfg = Debug|Any CPU
		{7E53785C-B3E2-4FBE-90AA-204E8A50DFA2}.Debug|x64.Build.0 = Debug|Any CPU
		{7E53785C-B3E2-4FBE-90AA-204E8A50DFA2}.Debug|x86.ActiveCfg = Debug|Any CPU
		{7E53785C-B3E2-4FBE-90AA-204E8A50DFA2}.Debug|x86.Build.0 = Debug|Any CPU
		{7E53785C-B3E2-4FBE-90AA-204E8A50DFA2}.Release|Any CPU.ActiveCfg = Release|Any CPU
		{7E53785C-B3E2-4FBE-90AA-204E8A50DFA2}.Release|Any CPU.Build.0 = Release|Any CPU
		{7E53785C-B3E2-4FBE-90AA-204E8A50DFA2}.Release|ARM.ActiveCfg = Release|Any CPU
		{7E53785C-B3E2-4FBE-90AA-204E8A50DFA2}.Release|ARM.Build.0 = Release|Any CPU
		{7E53785C-B3E2-4FBE-90AA-204E8A50DFA2}.Release|ARM64.ActiveCfg = Release|Any CPU
		{7E53785C-B3E2-4FBE-90AA-204E8A50DFA2}.Release|ARM64.Build.0 = Release|Any CPU
		{7E53785C-B3E2-4FBE-90AA-204E8A50DFA2}.Release|x64.ActiveCfg = Release|Any CPU
		{7E53785C-B3E2-4FBE-90AA-204E8A50DFA2}.Release|x64.Build.0 = Release|Any CPU
		{7E53785C-B3E2-4FBE-90AA-204E8A50DFA2}.Release|x86.ActiveCfg = Release|Any CPU
		{7E53785C-B3E2-4FBE-90AA-204E8A50DFA2}.Release|x86.Build.0 = Release|Any CPU
		{35555969-CFF6-44EF-95FF-85FAAF2F9EE2}.Debug|Any CPU.ActiveCfg = Debug|Any CPU
		{35555969-CFF6-44EF-95FF-85FAAF2F9EE2}.Debug|Any CPU.Build.0 = Debug|Any CPU
		{35555969-CFF6-44EF-95FF-85FAAF2F9EE2}.Debug|ARM.ActiveCfg = Debug|Any CPU
		{35555969-CFF6-44EF-95FF-85FAAF2F9EE2}.Debug|ARM.Build.0 = Debug|Any CPU
		{35555969-CFF6-44EF-95FF-85FAAF2F9EE2}.Debug|ARM64.ActiveCfg = Debug|Any CPU
		{35555969-CFF6-44EF-95FF-85FAAF2F9EE2}.Debug|ARM64.Build.0 = Debug|Any CPU
		{35555969-CFF6-44EF-95FF-85FAAF2F9EE2}.Debug|x64.ActiveCfg = Debug|Any CPU
		{35555969-CFF6-44EF-95FF-85FAAF2F9EE2}.Debug|x64.Build.0 = Debug|Any CPU
		{35555969-CFF6-44EF-95FF-85FAAF2F9EE2}.Debug|x86.ActiveCfg = Debug|Any CPU
		{35555969-CFF6-44EF-95FF-85FAAF2F9EE2}.Debug|x86.Build.0 = Debug|Any CPU
		{35555969-CFF6-44EF-95FF-85FAAF2F9EE2}.Release|Any CPU.ActiveCfg = Release|Any CPU
		{35555969-CFF6-44EF-95FF-85FAAF2F9EE2}.Release|Any CPU.Build.0 = Release|Any CPU
		{35555969-CFF6-44EF-95FF-85FAAF2F9EE2}.Release|ARM.ActiveCfg = Release|Any CPU
		{35555969-CFF6-44EF-95FF-85FAAF2F9EE2}.Release|ARM.Build.0 = Release|Any CPU
		{35555969-CFF6-44EF-95FF-85FAAF2F9EE2}.Release|ARM64.ActiveCfg = Release|Any CPU
		{35555969-CFF6-44EF-95FF-85FAAF2F9EE2}.Release|ARM64.Build.0 = Release|Any CPU
		{35555969-CFF6-44EF-95FF-85FAAF2F9EE2}.Release|x64.ActiveCfg = Release|Any CPU
		{35555969-CFF6-44EF-95FF-85FAAF2F9EE2}.Release|x64.Build.0 = Release|Any CPU
		{35555969-CFF6-44EF-95FF-85FAAF2F9EE2}.Release|x86.ActiveCfg = Release|Any CPU
		{35555969-CFF6-44EF-95FF-85FAAF2F9EE2}.Release|x86.Build.0 = Release|Any CPU
		{6BD671C0-A343-4A64-B807-A64A331A16EA}.Debug|Any CPU.ActiveCfg = Debug|Any CPU
		{6BD671C0-A343-4A64-B807-A64A331A16EA}.Debug|Any CPU.Build.0 = Debug|Any CPU
		{6BD671C0-A343-4A64-B807-A64A331A16EA}.Debug|ARM.ActiveCfg = Debug|Any CPU
		{6BD671C0-A343-4A64-B807-A64A331A16EA}.Debug|ARM.Build.0 = Debug|Any CPU
		{6BD671C0-A343-4A64-B807-A64A331A16EA}.Debug|ARM64.ActiveCfg = Debug|Any CPU
		{6BD671C0-A343-4A64-B807-A64A331A16EA}.Debug|ARM64.Build.0 = Debug|Any CPU
		{6BD671C0-A343-4A64-B807-A64A331A16EA}.Debug|x64.ActiveCfg = Debug|Any CPU
		{6BD671C0-A343-4A64-B807-A64A331A16EA}.Debug|x64.Build.0 = Debug|Any CPU
		{6BD671C0-A343-4A64-B807-A64A331A16EA}.Debug|x86.ActiveCfg = Debug|Any CPU
		{6BD671C0-A343-4A64-B807-A64A331A16EA}.Debug|x86.Build.0 = Debug|Any CPU
		{6BD671C0-A343-4A64-B807-A64A331A16EA}.Release|Any CPU.ActiveCfg = Release|Any CPU
		{6BD671C0-A343-4A64-B807-A64A331A16EA}.Release|Any CPU.Build.0 = Release|Any CPU
		{6BD671C0-A343-4A64-B807-A64A331A16EA}.Release|ARM.ActiveCfg = Release|Any CPU
		{6BD671C0-A343-4A64-B807-A64A331A16EA}.Release|ARM.Build.0 = Release|Any CPU
		{6BD671C0-A343-4A64-B807-A64A331A16EA}.Release|ARM64.ActiveCfg = Release|Any CPU
		{6BD671C0-A343-4A64-B807-A64A331A16EA}.Release|ARM64.Build.0 = Release|Any CPU
		{6BD671C0-A343-4A64-B807-A64A331A16EA}.Release|x64.ActiveCfg = Release|Any CPU
		{6BD671C0-A343-4A64-B807-A64A331A16EA}.Release|x64.Build.0 = Release|Any CPU
		{6BD671C0-A343-4A64-B807-A64A331A16EA}.Release|x86.ActiveCfg = Release|Any CPU
		{6BD671C0-A343-4A64-B807-A64A331A16EA}.Release|x86.Build.0 = Release|Any CPU
		{B3E6E371-9DB6-44B5-B7EA-C4BA59789082}.Debug|Any CPU.ActiveCfg = Debug|Any CPU
		{B3E6E371-9DB6-44B5-B7EA-C4BA59789082}.Debug|Any CPU.Build.0 = Debug|Any CPU
		{B3E6E371-9DB6-44B5-B7EA-C4BA59789082}.Debug|ARM.ActiveCfg = Debug|Any CPU
		{B3E6E371-9DB6-44B5-B7EA-C4BA59789082}.Debug|ARM.Build.0 = Debug|Any CPU
		{B3E6E371-9DB6-44B5-B7EA-C4BA59789082}.Debug|ARM64.ActiveCfg = Debug|Any CPU
		{B3E6E371-9DB6-44B5-B7EA-C4BA59789082}.Debug|ARM64.Build.0 = Debug|Any CPU
		{B3E6E371-9DB6-44B5-B7EA-C4BA59789082}.Debug|x64.ActiveCfg = Debug|Any CPU
		{B3E6E371-9DB6-44B5-B7EA-C4BA59789082}.Debug|x64.Build.0 = Debug|Any CPU
		{B3E6E371-9DB6-44B5-B7EA-C4BA59789082}.Debug|x86.ActiveCfg = Debug|Any CPU
		{B3E6E371-9DB6-44B5-B7EA-C4BA59789082}.Debug|x86.Build.0 = Debug|Any CPU
		{B3E6E371-9DB6-44B5-B7EA-C4BA59789082}.Release|Any CPU.ActiveCfg = Release|Any CPU
		{B3E6E371-9DB6-44B5-B7EA-C4BA59789082}.Release|Any CPU.Build.0 = Release|Any CPU
		{B3E6E371-9DB6-44B5-B7EA-C4BA59789082}.Release|ARM.ActiveCfg = Release|Any CPU
		{B3E6E371-9DB6-44B5-B7EA-C4BA59789082}.Release|ARM.Build.0 = Release|Any CPU
		{B3E6E371-9DB6-44B5-B7EA-C4BA59789082}.Release|ARM64.ActiveCfg = Release|Any CPU
		{B3E6E371-9DB6-44B5-B7EA-C4BA59789082}.Release|ARM64.Build.0 = Release|Any CPU
		{B3E6E371-9DB6-44B5-B7EA-C4BA59789082}.Release|x64.ActiveCfg = Release|Any CPU
		{B3E6E371-9DB6-44B5-B7EA-C4BA59789082}.Release|x64.Build.0 = Release|Any CPU
		{B3E6E371-9DB6-44B5-B7EA-C4BA59789082}.Release|x86.ActiveCfg = Release|Any CPU
		{B3E6E371-9DB6-44B5-B7EA-C4BA59789082}.Release|x86.Build.0 = Release|Any CPU
		{7C06F829-5ED4-40E5-A291-788FC03FB054}.Debug|Any CPU.ActiveCfg = Debug|Any CPU
		{7C06F829-5ED4-40E5-A291-788FC03FB054}.Debug|Any CPU.Build.0 = Debug|Any CPU
		{7C06F829-5ED4-40E5-A291-788FC03FB054}.Debug|ARM.ActiveCfg = Debug|Any CPU
		{7C06F829-5ED4-40E5-A291-788FC03FB054}.Debug|ARM.Build.0 = Debug|Any CPU
		{7C06F829-5ED4-40E5-A291-788FC03FB054}.Debug|ARM64.ActiveCfg = Debug|Any CPU
		{7C06F829-5ED4-40E5-A291-788FC03FB054}.Debug|ARM64.Build.0 = Debug|Any CPU
		{7C06F829-5ED4-40E5-A291-788FC03FB054}.Debug|x64.ActiveCfg = Debug|Any CPU
		{7C06F829-5ED4-40E5-A291-788FC03FB054}.Debug|x64.Build.0 = Debug|Any CPU
		{7C06F829-5ED4-40E5-A291-788FC03FB054}.Debug|x86.ActiveCfg = Debug|Any CPU
		{7C06F829-5ED4-40E5-A291-788FC03FB054}.Debug|x86.Build.0 = Debug|Any CPU
		{7C06F829-5ED4-40E5-A291-788FC03FB054}.Release|Any CPU.ActiveCfg = Release|Any CPU
		{7C06F829-5ED4-40E5-A291-788FC03FB054}.Release|Any CPU.Build.0 = Release|Any CPU
		{7C06F829-5ED4-40E5-A291-788FC03FB054}.Release|ARM.ActiveCfg = Release|Any CPU
		{7C06F829-5ED4-40E5-A291-788FC03FB054}.Release|ARM.Build.0 = Release|Any CPU
		{7C06F829-5ED4-40E5-A291-788FC03FB054}.Release|ARM64.ActiveCfg = Release|Any CPU
		{7C06F829-5ED4-40E5-A291-788FC03FB054}.Release|ARM64.Build.0 = Release|Any CPU
		{7C06F829-5ED4-40E5-A291-788FC03FB054}.Release|x64.ActiveCfg = Release|Any CPU
		{7C06F829-5ED4-40E5-A291-788FC03FB054}.Release|x64.Build.0 = Release|Any CPU
		{7C06F829-5ED4-40E5-A291-788FC03FB054}.Release|x86.ActiveCfg = Release|Any CPU
		{7C06F829-5ED4-40E5-A291-788FC03FB054}.Release|x86.Build.0 = Release|Any CPU
		{E851ADAC-1379-4417-A38E-39A6FF139979}.Debug|Any CPU.ActiveCfg = Debug|Any CPU
		{E851ADAC-1379-4417-A38E-39A6FF139979}.Debug|Any CPU.Build.0 = Debug|Any CPU
		{E851ADAC-1379-4417-A38E-39A6FF139979}.Debug|ARM.ActiveCfg = Debug|Any CPU
		{E851ADAC-1379-4417-A38E-39A6FF139979}.Debug|ARM.Build.0 = Debug|Any CPU
		{E851ADAC-1379-4417-A38E-39A6FF139979}.Debug|ARM64.ActiveCfg = Debug|Any CPU
		{E851ADAC-1379-4417-A38E-39A6FF139979}.Debug|ARM64.Build.0 = Debug|Any CPU
		{E851ADAC-1379-4417-A38E-39A6FF139979}.Debug|x64.ActiveCfg = Debug|Any CPU
		{E851ADAC-1379-4417-A38E-39A6FF139979}.Debug|x64.Build.0 = Debug|Any CPU
		{E851ADAC-1379-4417-A38E-39A6FF139979}.Debug|x86.ActiveCfg = Release|Any CPU
		{E851ADAC-1379-4417-A38E-39A6FF139979}.Debug|x86.Build.0 = Release|Any CPU
		{E851ADAC-1379-4417-A38E-39A6FF139979}.Release|Any CPU.ActiveCfg = Release|Any CPU
		{E851ADAC-1379-4417-A38E-39A6FF139979}.Release|Any CPU.Build.0 = Release|Any CPU
		{E851ADAC-1379-4417-A38E-39A6FF139979}.Release|ARM.ActiveCfg = Release|Any CPU
		{E851ADAC-1379-4417-A38E-39A6FF139979}.Release|ARM.Build.0 = Release|Any CPU
		{E851ADAC-1379-4417-A38E-39A6FF139979}.Release|ARM64.ActiveCfg = Release|Any CPU
		{E851ADAC-1379-4417-A38E-39A6FF139979}.Release|ARM64.Build.0 = Release|Any CPU
		{E851ADAC-1379-4417-A38E-39A6FF139979}.Release|x64.ActiveCfg = Release|Any CPU
		{E851ADAC-1379-4417-A38E-39A6FF139979}.Release|x64.Build.0 = Release|Any CPU
		{E851ADAC-1379-4417-A38E-39A6FF139979}.Release|x86.ActiveCfg = Release|Any CPU
		{E851ADAC-1379-4417-A38E-39A6FF139979}.Release|x86.Build.0 = Release|Any CPU
		{C2111210-B165-443F-841F-846178CE20C5}.Debug|Any CPU.ActiveCfg = Debug|Any CPU
		{C2111210-B165-443F-841F-846178CE20C5}.Debug|Any CPU.Build.0 = Debug|Any CPU
		{C2111210-B165-443F-841F-846178CE20C5}.Debug|ARM.ActiveCfg = Debug|Any CPU
		{C2111210-B165-443F-841F-846178CE20C5}.Debug|ARM.Build.0 = Debug|Any CPU
		{C2111210-B165-443F-841F-846178CE20C5}.Debug|ARM64.ActiveCfg = Debug|Any CPU
		{C2111210-B165-443F-841F-846178CE20C5}.Debug|ARM64.Build.0 = Debug|Any CPU
		{C2111210-B165-443F-841F-846178CE20C5}.Debug|x64.ActiveCfg = Debug|Any CPU
		{C2111210-B165-443F-841F-846178CE20C5}.Debug|x64.Build.0 = Debug|Any CPU
		{C2111210-B165-443F-841F-846178CE20C5}.Debug|x86.ActiveCfg = Debug|Any CPU
		{C2111210-B165-443F-841F-846178CE20C5}.Debug|x86.Build.0 = Debug|Any CPU
		{C2111210-B165-443F-841F-846178CE20C5}.Release|Any CPU.ActiveCfg = Release|Any CPU
		{C2111210-B165-443F-841F-846178CE20C5}.Release|Any CPU.Build.0 = Release|Any CPU
		{C2111210-B165-443F-841F-846178CE20C5}.Release|ARM.ActiveCfg = Release|Any CPU
		{C2111210-B165-443F-841F-846178CE20C5}.Release|ARM.Build.0 = Release|Any CPU
		{C2111210-B165-443F-841F-846178CE20C5}.Release|ARM64.ActiveCfg = Release|Any CPU
		{C2111210-B165-443F-841F-846178CE20C5}.Release|ARM64.Build.0 = Release|Any CPU
		{C2111210-B165-443F-841F-846178CE20C5}.Release|x64.ActiveCfg = Release|Any CPU
		{C2111210-B165-443F-841F-846178CE20C5}.Release|x64.Build.0 = Release|Any CPU
		{C2111210-B165-443F-841F-846178CE20C5}.Release|x86.ActiveCfg = Release|Any CPU
		{C2111210-B165-443F-841F-846178CE20C5}.Release|x86.Build.0 = Release|Any CPU
		{8C9937EE-C6DD-49B0-A5B5-4BD22372A705}.Debug|Any CPU.ActiveCfg = Debug|Any CPU
		{8C9937EE-C6DD-49B0-A5B5-4BD22372A705}.Debug|Any CPU.Build.0 = Debug|Any CPU
		{8C9937EE-C6DD-49B0-A5B5-4BD22372A705}.Debug|ARM.ActiveCfg = Debug|Any CPU
		{8C9937EE-C6DD-49B0-A5B5-4BD22372A705}.Debug|ARM.Build.0 = Debug|Any CPU
		{8C9937EE-C6DD-49B0-A5B5-4BD22372A705}.Debug|ARM64.ActiveCfg = Debug|Any CPU
		{8C9937EE-C6DD-49B0-A5B5-4BD22372A705}.Debug|ARM64.Build.0 = Debug|Any CPU
		{8C9937EE-C6DD-49B0-A5B5-4BD22372A705}.Debug|x64.ActiveCfg = Debug|Any CPU
		{8C9937EE-C6DD-49B0-A5B5-4BD22372A705}.Debug|x64.Build.0 = Debug|Any CPU
		{8C9937EE-C6DD-49B0-A5B5-4BD22372A705}.Debug|x86.ActiveCfg = Debug|Any CPU
		{8C9937EE-C6DD-49B0-A5B5-4BD22372A705}.Debug|x86.Build.0 = Debug|Any CPU
		{8C9937EE-C6DD-49B0-A5B5-4BD22372A705}.Release|Any CPU.ActiveCfg = Release|Any CPU
		{8C9937EE-C6DD-49B0-A5B5-4BD22372A705}.Release|Any CPU.Build.0 = Release|Any CPU
		{8C9937EE-C6DD-49B0-A5B5-4BD22372A705}.Release|ARM.ActiveCfg = Release|Any CPU
		{8C9937EE-C6DD-49B0-A5B5-4BD22372A705}.Release|ARM.Build.0 = Release|Any CPU
		{8C9937EE-C6DD-49B0-A5B5-4BD22372A705}.Release|ARM64.ActiveCfg = Release|Any CPU
		{8C9937EE-C6DD-49B0-A5B5-4BD22372A705}.Release|ARM64.Build.0 = Release|Any CPU
		{8C9937EE-C6DD-49B0-A5B5-4BD22372A705}.Release|x64.ActiveCfg = Release|Any CPU
		{8C9937EE-C6DD-49B0-A5B5-4BD22372A705}.Release|x64.Build.0 = Release|Any CPU
		{8C9937EE-C6DD-49B0-A5B5-4BD22372A705}.Release|x86.ActiveCfg = Release|Any CPU
		{8C9937EE-C6DD-49B0-A5B5-4BD22372A705}.Release|x86.Build.0 = Release|Any CPU
		{2667620A-3218-4D96-BED0-AF1B791A7BC4}.Debug|Any CPU.ActiveCfg = Debug
		{2667620A-3218-4D96-BED0-AF1B791A7BC4}.Debug|ARM.ActiveCfg = Debug
		{2667620A-3218-4D96-BED0-AF1B791A7BC4}.Debug|ARM64.ActiveCfg = Debug
		{2667620A-3218-4D96-BED0-AF1B791A7BC4}.Debug|x64.ActiveCfg = Debug
		{2667620A-3218-4D96-BED0-AF1B791A7BC4}.Debug|x86.ActiveCfg = Debug
		{2667620A-3218-4D96-BED0-AF1B791A7BC4}.Release|Any CPU.ActiveCfg = Release
		{2667620A-3218-4D96-BED0-AF1B791A7BC4}.Release|ARM.ActiveCfg = Release
		{2667620A-3218-4D96-BED0-AF1B791A7BC4}.Release|ARM64.ActiveCfg = Release
		{2667620A-3218-4D96-BED0-AF1B791A7BC4}.Release|x64.ActiveCfg = Release
		{2667620A-3218-4D96-BED0-AF1B791A7BC4}.Release|x86.ActiveCfg = Release
		{3687F47A-132A-410D-9873-5FAB4A9792B2}.Debug|Any CPU.ActiveCfg = Debug|Any CPU
		{3687F47A-132A-410D-9873-5FAB4A9792B2}.Debug|Any CPU.Build.0 = Debug|Any CPU
		{3687F47A-132A-410D-9873-5FAB4A9792B2}.Debug|ARM.ActiveCfg = Debug|Any CPU
		{3687F47A-132A-410D-9873-5FAB4A9792B2}.Debug|ARM.Build.0 = Debug|Any CPU
		{3687F47A-132A-410D-9873-5FAB4A9792B2}.Debug|ARM64.ActiveCfg = Debug|Any CPU
		{3687F47A-132A-410D-9873-5FAB4A9792B2}.Debug|ARM64.Build.0 = Debug|Any CPU
		{3687F47A-132A-410D-9873-5FAB4A9792B2}.Debug|x64.ActiveCfg = Debug|Any CPU
		{3687F47A-132A-410D-9873-5FAB4A9792B2}.Debug|x64.Build.0 = Debug|Any CPU
		{3687F47A-132A-410D-9873-5FAB4A9792B2}.Debug|x86.ActiveCfg = Debug|Any CPU
		{3687F47A-132A-410D-9873-5FAB4A9792B2}.Debug|x86.Build.0 = Debug|Any CPU
		{3687F47A-132A-410D-9873-5FAB4A9792B2}.Release|Any CPU.ActiveCfg = Release|Any CPU
		{3687F47A-132A-410D-9873-5FAB4A9792B2}.Release|Any CPU.Build.0 = Release|Any CPU
		{3687F47A-132A-410D-9873-5FAB4A9792B2}.Release|ARM.ActiveCfg = Release|Any CPU
		{3687F47A-132A-410D-9873-5FAB4A9792B2}.Release|ARM.Build.0 = Release|Any CPU
		{3687F47A-132A-410D-9873-5FAB4A9792B2}.Release|ARM64.ActiveCfg = Release|Any CPU
		{3687F47A-132A-410D-9873-5FAB4A9792B2}.Release|ARM64.Build.0 = Release|Any CPU
		{3687F47A-132A-410D-9873-5FAB4A9792B2}.Release|x64.ActiveCfg = Release|Any CPU
		{3687F47A-132A-410D-9873-5FAB4A9792B2}.Release|x64.Build.0 = Release|Any CPU
		{3687F47A-132A-410D-9873-5FAB4A9792B2}.Release|x86.ActiveCfg = Release|Any CPU
		{3687F47A-132A-410D-9873-5FAB4A9792B2}.Release|x86.Build.0 = Release|Any CPU
		{0C26D415-C67D-4BB2-A55E-9E7FAD6B9A7E}.Debug|Any CPU.ActiveCfg = Debug|Any CPU
		{0C26D415-C67D-4BB2-A55E-9E7FAD6B9A7E}.Debug|Any CPU.Build.0 = Debug|Any CPU
		{0C26D415-C67D-4BB2-A55E-9E7FAD6B9A7E}.Debug|ARM.ActiveCfg = Debug|Any CPU
		{0C26D415-C67D-4BB2-A55E-9E7FAD6B9A7E}.Debug|ARM.Build.0 = Debug|Any CPU
		{0C26D415-C67D-4BB2-A55E-9E7FAD6B9A7E}.Debug|ARM64.ActiveCfg = Debug|Any CPU
		{0C26D415-C67D-4BB2-A55E-9E7FAD6B9A7E}.Debug|ARM64.Build.0 = Debug|Any CPU
		{0C26D415-C67D-4BB2-A55E-9E7FAD6B9A7E}.Debug|x64.ActiveCfg = Debug|Any CPU
		{0C26D415-C67D-4BB2-A55E-9E7FAD6B9A7E}.Debug|x64.Build.0 = Debug|Any CPU
		{0C26D415-C67D-4BB2-A55E-9E7FAD6B9A7E}.Debug|x86.ActiveCfg = Debug|Any CPU
		{0C26D415-C67D-4BB2-A55E-9E7FAD6B9A7E}.Debug|x86.Build.0 = Debug|Any CPU
		{0C26D415-C67D-4BB2-A55E-9E7FAD6B9A7E}.Release|Any CPU.ActiveCfg = Release|Any CPU
		{0C26D415-C67D-4BB2-A55E-9E7FAD6B9A7E}.Release|Any CPU.Build.0 = Release|Any CPU
		{0C26D415-C67D-4BB2-A55E-9E7FAD6B9A7E}.Release|ARM.ActiveCfg = Release|Any CPU
		{0C26D415-C67D-4BB2-A55E-9E7FAD6B9A7E}.Release|ARM.Build.0 = Release|Any CPU
		{0C26D415-C67D-4BB2-A55E-9E7FAD6B9A7E}.Release|ARM64.ActiveCfg = Release|Any CPU
		{0C26D415-C67D-4BB2-A55E-9E7FAD6B9A7E}.Release|ARM64.Build.0 = Release|Any CPU
		{0C26D415-C67D-4BB2-A55E-9E7FAD6B9A7E}.Release|x64.ActiveCfg = Release|Any CPU
		{0C26D415-C67D-4BB2-A55E-9E7FAD6B9A7E}.Release|x64.Build.0 = Release|Any CPU
		{0C26D415-C67D-4BB2-A55E-9E7FAD6B9A7E}.Release|x86.ActiveCfg = Release|Any CPU
		{0C26D415-C67D-4BB2-A55E-9E7FAD6B9A7E}.Release|x86.Build.0 = Release|Any CPU
		{D6DB3E5A-FC38-4907-BFB0-B21BE8F85D42}.Debug|Any CPU.ActiveCfg = Debug|Any CPU
		{D6DB3E5A-FC38-4907-BFB0-B21BE8F85D42}.Debug|Any CPU.Build.0 = Debug|Any CPU
		{D6DB3E5A-FC38-4907-BFB0-B21BE8F85D42}.Debug|ARM.ActiveCfg = Debug|Any CPU
		{D6DB3E5A-FC38-4907-BFB0-B21BE8F85D42}.Debug|ARM.Build.0 = Debug|Any CPU
		{D6DB3E5A-FC38-4907-BFB0-B21BE8F85D42}.Debug|ARM64.ActiveCfg = Debug|Any CPU
		{D6DB3E5A-FC38-4907-BFB0-B21BE8F85D42}.Debug|ARM64.Build.0 = Debug|Any CPU
		{D6DB3E5A-FC38-4907-BFB0-B21BE8F85D42}.Debug|x64.ActiveCfg = Debug|Any CPU
		{D6DB3E5A-FC38-4907-BFB0-B21BE8F85D42}.Debug|x64.Build.0 = Debug|Any CPU
		{D6DB3E5A-FC38-4907-BFB0-B21BE8F85D42}.Debug|x86.ActiveCfg = Debug|Any CPU
		{D6DB3E5A-FC38-4907-BFB0-B21BE8F85D42}.Debug|x86.Build.0 = Debug|Any CPU
		{D6DB3E5A-FC38-4907-BFB0-B21BE8F85D42}.Release|Any CPU.ActiveCfg = Release|Any CPU
		{D6DB3E5A-FC38-4907-BFB0-B21BE8F85D42}.Release|Any CPU.Build.0 = Release|Any CPU
		{D6DB3E5A-FC38-4907-BFB0-B21BE8F85D42}.Release|ARM.ActiveCfg = Release|Any CPU
		{D6DB3E5A-FC38-4907-BFB0-B21BE8F85D42}.Release|ARM.Build.0 = Release|Any CPU
		{D6DB3E5A-FC38-4907-BFB0-B21BE8F85D42}.Release|ARM64.ActiveCfg = Release|Any CPU
		{D6DB3E5A-FC38-4907-BFB0-B21BE8F85D42}.Release|ARM64.Build.0 = Release|Any CPU
		{D6DB3E5A-FC38-4907-BFB0-B21BE8F85D42}.Release|x64.ActiveCfg = Release|Any CPU
		{D6DB3E5A-FC38-4907-BFB0-B21BE8F85D42}.Release|x64.Build.0 = Release|Any CPU
		{D6DB3E5A-FC38-4907-BFB0-B21BE8F85D42}.Release|x86.ActiveCfg = Release|Any CPU
		{D6DB3E5A-FC38-4907-BFB0-B21BE8F85D42}.Release|x86.Build.0 = Release|Any CPU
		{3E53F13D-FBC7-4185-B4C0-3C5EF8AC2A7D}.Debug|Any CPU.ActiveCfg = Debug|Any CPU
		{3E53F13D-FBC7-4185-B4C0-3C5EF8AC2A7D}.Debug|Any CPU.Build.0 = Debug|Any CPU
		{3E53F13D-FBC7-4185-B4C0-3C5EF8AC2A7D}.Debug|ARM.ActiveCfg = Debug|Any CPU
		{3E53F13D-FBC7-4185-B4C0-3C5EF8AC2A7D}.Debug|ARM.Build.0 = Debug|Any CPU
		{3E53F13D-FBC7-4185-B4C0-3C5EF8AC2A7D}.Debug|ARM64.ActiveCfg = Debug|Any CPU
		{3E53F13D-FBC7-4185-B4C0-3C5EF8AC2A7D}.Debug|ARM64.Build.0 = Debug|Any CPU
		{3E53F13D-FBC7-4185-B4C0-3C5EF8AC2A7D}.Debug|x64.ActiveCfg = Debug|Any CPU
		{3E53F13D-FBC7-4185-B4C0-3C5EF8AC2A7D}.Debug|x64.Build.0 = Debug|Any CPU
		{3E53F13D-FBC7-4185-B4C0-3C5EF8AC2A7D}.Debug|x86.ActiveCfg = Debug|Any CPU
		{3E53F13D-FBC7-4185-B4C0-3C5EF8AC2A7D}.Debug|x86.Build.0 = Debug|Any CPU
		{3E53F13D-FBC7-4185-B4C0-3C5EF8AC2A7D}.Release|Any CPU.ActiveCfg = Release|Any CPU
		{3E53F13D-FBC7-4185-B4C0-3C5EF8AC2A7D}.Release|Any CPU.Build.0 = Release|Any CPU
		{3E53F13D-FBC7-4185-B4C0-3C5EF8AC2A7D}.Release|ARM.ActiveCfg = Release|Any CPU
		{3E53F13D-FBC7-4185-B4C0-3C5EF8AC2A7D}.Release|ARM.Build.0 = Release|Any CPU
		{3E53F13D-FBC7-4185-B4C0-3C5EF8AC2A7D}.Release|ARM64.ActiveCfg = Release|Any CPU
		{3E53F13D-FBC7-4185-B4C0-3C5EF8AC2A7D}.Release|ARM64.Build.0 = Release|Any CPU
		{3E53F13D-FBC7-4185-B4C0-3C5EF8AC2A7D}.Release|x64.ActiveCfg = Release|Any CPU
		{3E53F13D-FBC7-4185-B4C0-3C5EF8AC2A7D}.Release|x64.Build.0 = Release|Any CPU
		{3E53F13D-FBC7-4185-B4C0-3C5EF8AC2A7D}.Release|x86.ActiveCfg = Release|Any CPU
		{3E53F13D-FBC7-4185-B4C0-3C5EF8AC2A7D}.Release|x86.Build.0 = Release|Any CPU
		{E01B3FEB-7ED2-47CB-8594-BCE18D843AFE}.Debug|Any CPU.ActiveCfg = Debug|Any CPU
		{E01B3FEB-7ED2-47CB-8594-BCE18D843AFE}.Debug|Any CPU.Build.0 = Debug|Any CPU
		{E01B3FEB-7ED2-47CB-8594-BCE18D843AFE}.Debug|ARM.ActiveCfg = Debug|Any CPU
		{E01B3FEB-7ED2-47CB-8594-BCE18D843AFE}.Debug|ARM.Build.0 = Debug|Any CPU
		{E01B3FEB-7ED2-47CB-8594-BCE18D843AFE}.Debug|ARM64.ActiveCfg = Debug|Any CPU
		{E01B3FEB-7ED2-47CB-8594-BCE18D843AFE}.Debug|ARM64.Build.0 = Debug|Any CPU
		{E01B3FEB-7ED2-47CB-8594-BCE18D843AFE}.Debug|x64.ActiveCfg = Debug|Any CPU
		{E01B3FEB-7ED2-47CB-8594-BCE18D843AFE}.Debug|x64.Build.0 = Debug|Any CPU
		{E01B3FEB-7ED2-47CB-8594-BCE18D843AFE}.Debug|x86.ActiveCfg = Debug|Any CPU
		{E01B3FEB-7ED2-47CB-8594-BCE18D843AFE}.Debug|x86.Build.0 = Debug|Any CPU
		{E01B3FEB-7ED2-47CB-8594-BCE18D843AFE}.Release|Any CPU.ActiveCfg = Release|Any CPU
		{E01B3FEB-7ED2-47CB-8594-BCE18D843AFE}.Release|Any CPU.Build.0 = Release|Any CPU
		{E01B3FEB-7ED2-47CB-8594-BCE18D843AFE}.Release|ARM.ActiveCfg = Release|Any CPU
		{E01B3FEB-7ED2-47CB-8594-BCE18D843AFE}.Release|ARM.Build.0 = Release|Any CPU
		{E01B3FEB-7ED2-47CB-8594-BCE18D843AFE}.Release|ARM64.ActiveCfg = Release|Any CPU
		{E01B3FEB-7ED2-47CB-8594-BCE18D843AFE}.Release|ARM64.Build.0 = Release|Any CPU
		{E01B3FEB-7ED2-47CB-8594-BCE18D843AFE}.Release|x64.ActiveCfg = Release|Any CPU
		{E01B3FEB-7ED2-47CB-8594-BCE18D843AFE}.Release|x64.Build.0 = Release|Any CPU
		{E01B3FEB-7ED2-47CB-8594-BCE18D843AFE}.Release|x86.ActiveCfg = Release|Any CPU
		{E01B3FEB-7ED2-47CB-8594-BCE18D843AFE}.Release|x86.Build.0 = Release|Any CPU
		{C967CD7E-180F-453D-A9FF-9DD68C889A84}.Debug|Any CPU.ActiveCfg = Debug|Any CPU
		{C967CD7E-180F-453D-A9FF-9DD68C889A84}.Debug|Any CPU.Build.0 = Debug|Any CPU
		{C967CD7E-180F-453D-A9FF-9DD68C889A84}.Debug|ARM.ActiveCfg = Debug|Any CPU
		{C967CD7E-180F-453D-A9FF-9DD68C889A84}.Debug|ARM.Build.0 = Debug|Any CPU
		{C967CD7E-180F-453D-A9FF-9DD68C889A84}.Debug|ARM64.ActiveCfg = Debug|Any CPU
		{C967CD7E-180F-453D-A9FF-9DD68C889A84}.Debug|ARM64.Build.0 = Debug|Any CPU
		{C967CD7E-180F-453D-A9FF-9DD68C889A84}.Debug|x64.ActiveCfg = Debug|Any CPU
		{C967CD7E-180F-453D-A9FF-9DD68C889A84}.Debug|x64.Build.0 = Debug|Any CPU
		{C967CD7E-180F-453D-A9FF-9DD68C889A84}.Debug|x86.ActiveCfg = Debug|Any CPU
		{C967CD7E-180F-453D-A9FF-9DD68C889A84}.Debug|x86.Build.0 = Debug|Any CPU
		{C967CD7E-180F-453D-A9FF-9DD68C889A84}.Release|Any CPU.ActiveCfg = Release|Any CPU
		{C967CD7E-180F-453D-A9FF-9DD68C889A84}.Release|Any CPU.Build.0 = Release|Any CPU
		{C967CD7E-180F-453D-A9FF-9DD68C889A84}.Release|ARM.ActiveCfg = Release|Any CPU
		{C967CD7E-180F-453D-A9FF-9DD68C889A84}.Release|ARM.Build.0 = Release|Any CPU
		{C967CD7E-180F-453D-A9FF-9DD68C889A84}.Release|ARM64.ActiveCfg = Release|Any CPU
		{C967CD7E-180F-453D-A9FF-9DD68C889A84}.Release|ARM64.Build.0 = Release|Any CPU
		{C967CD7E-180F-453D-A9FF-9DD68C889A84}.Release|x64.ActiveCfg = Release|Any CPU
		{C967CD7E-180F-453D-A9FF-9DD68C889A84}.Release|x64.Build.0 = Release|Any CPU
		{C967CD7E-180F-453D-A9FF-9DD68C889A84}.Release|x86.ActiveCfg = Release|Any CPU
		{C967CD7E-180F-453D-A9FF-9DD68C889A84}.Release|x86.Build.0 = Release|Any CPU
		{711E5221-E902-4852-BAC3-4F1A1B03D82E}.Debug|Any CPU.ActiveCfg = Debug|Any CPU
		{711E5221-E902-4852-BAC3-4F1A1B03D82E}.Debug|Any CPU.Build.0 = Debug|Any CPU
		{711E5221-E902-4852-BAC3-4F1A1B03D82E}.Debug|ARM.ActiveCfg = Debug|Any CPU
		{711E5221-E902-4852-BAC3-4F1A1B03D82E}.Debug|ARM.Build.0 = Debug|Any CPU
		{711E5221-E902-4852-BAC3-4F1A1B03D82E}.Debug|ARM64.ActiveCfg = Debug|Any CPU
		{711E5221-E902-4852-BAC3-4F1A1B03D82E}.Debug|ARM64.Build.0 = Debug|Any CPU
		{711E5221-E902-4852-BAC3-4F1A1B03D82E}.Debug|x64.ActiveCfg = Debug|Any CPU
		{711E5221-E902-4852-BAC3-4F1A1B03D82E}.Debug|x64.Build.0 = Debug|Any CPU
		{711E5221-E902-4852-BAC3-4F1A1B03D82E}.Debug|x86.ActiveCfg = Debug|Any CPU
		{711E5221-E902-4852-BAC3-4F1A1B03D82E}.Debug|x86.Build.0 = Debug|Any CPU
		{711E5221-E902-4852-BAC3-4F1A1B03D82E}.Release|Any CPU.ActiveCfg = Release|Any CPU
		{711E5221-E902-4852-BAC3-4F1A1B03D82E}.Release|Any CPU.Build.0 = Release|Any CPU
		{711E5221-E902-4852-BAC3-4F1A1B03D82E}.Release|ARM.ActiveCfg = Release|Any CPU
		{711E5221-E902-4852-BAC3-4F1A1B03D82E}.Release|ARM.Build.0 = Release|Any CPU
		{711E5221-E902-4852-BAC3-4F1A1B03D82E}.Release|ARM64.ActiveCfg = Release|Any CPU
		{711E5221-E902-4852-BAC3-4F1A1B03D82E}.Release|ARM64.Build.0 = Release|Any CPU
		{711E5221-E902-4852-BAC3-4F1A1B03D82E}.Release|x64.ActiveCfg = Release|Any CPU
		{711E5221-E902-4852-BAC3-4F1A1B03D82E}.Release|x64.Build.0 = Release|Any CPU
		{711E5221-E902-4852-BAC3-4F1A1B03D82E}.Release|x86.ActiveCfg = Release|Any CPU
		{711E5221-E902-4852-BAC3-4F1A1B03D82E}.Release|x86.Build.0 = Release|Any CPU
	EndGlobalSection
	GlobalSection(SolutionProperties) = preSolution
		HideSolutionNode = FALSE
	EndGlobalSection
	GlobalSection(ExtensibilityGlobals) = postSolution
		SolutionGuid = {4450157D-7085-45DA-A470-0A54864CDBDB}
	EndGlobalSection
EndGlobal
